
Microsoft Visual Studio Solution File, Format Version 12.00
# Visual Studio Version 17
VisualStudioVersion = 17.11.35327.3
MinimumVisualStudioVersion = 10.0.40219.1
Project("{9A19103F-16F7-4668-BE54-9A1E7A4F7556}") = "SemanticSummary", "SemanticSummary\SemanticSummary.csproj", "{D3DA084B-F6E6-4758-AD84-374B4371AB2E}"
EndProject
Project("{9A19103F-16F7-4668-BE54-9A1E7A4F7556}") = "SummaryPluginPoc", "SummaryPluginPoc\SummaryPluginPoc.csproj", "{163C068B-2E53-4061-9942-B0CC3B68C884}"
EndProject
Project("{9A19103F-16F7-4668-BE54-9A1E7A4F7556}") = "SemanticWebAppPoc", "SemanticWebAppPoc\SemanticWebAppPoc.csproj", "{7AEE3198-3846-4DF0-9C37-7B7C70C013EB}"
EndProject
Project("{9A19103F-16F7-4668-BE54-9A1E7A4F7556}") = "BlazorAppWebAssembly", "..\BlazorApp1\BlazorAppWebAssembly\BlazorAppWebAssembly.csproj", "{D077F2EA-5923-431D-9990-6DEE16966979}"
EndProject
Project("{9A19103F-16F7-4668-BE54-9A1E7A4F7556}") = "SummarizeAndExpand", "..\SemanticKernel\SemanticConsoleApp\SummarizeAndExpand.csproj", "{188017B5-9CE6-42EC-B599-C8CE4A4CD022}"
EndProject
Project("{9A19103F-16F7-4668-BE54-9A1E7A4F7556}") = "SemanticKernelApi", "SemanticKernelApi\SemanticKernelApi.csproj", "{E0871B16-8CCC-4531-B208-C79DC96DD1A2}"
EndProject
Project("{9A19103F-16F7-4668-BE54-9A1E7A4F7556}") = "AdminApi", "..\WebApplication1\AdminApi\AdminApi.csproj", "{1260D9FD-1B88-4A40-A9FF-6BD80D43F045}"
EndProject
Project("{9A19103F-16F7-4668-BE54-9A1E7A4F7556}") = "AdminModel", "..\WebApplication1\AdminDll\AdminModel.csproj", "{68854DEF-7602-4B28-8DFA-9B8833CF720C}"
EndProject
Project("{FAE04EC0-301F-11D3-BF4B-00C04F79EFBC}") = "Plugins", "Plugins\Plugins.csproj", "{0B1347B9-ABA3-4C25-BB13-C5EE5FAC54C7}"
EndProject
Global
	GlobalSection(SolutionConfigurationPlatforms) = preSolution
		Debug|Any CPU = Debug|Any CPU
		Release|Any CPU = Release|Any CPU
	EndGlobalSection
	GlobalSection(ProjectConfigurationPlatforms) = postSolution
		{D3DA084B-F6E6-4758-AD84-374B4371AB2E}.Debug|Any CPU.ActiveCfg = Debug|Any CPU
		{D3DA084B-F6E6-4758-AD84-374B4371AB2E}.Debug|Any CPU.Build.0 = Debug|Any CPU
		{D3DA084B-F6E6-4758-AD84-374B4371AB2E}.Release|Any CPU.ActiveCfg = Release|Any CPU
		{D3DA084B-F6E6-4758-AD84-374B4371AB2E}.Release|Any CPU.Build.0 = Release|Any CPU
		{163C068B-2E53-4061-9942-B0CC3B68C884}.Debug|Any CPU.ActiveCfg = Debug|Any CPU
		{163C068B-2E53-4061-9942-B0CC3B68C884}.Debug|Any CPU.Build.0 = Debug|Any CPU
		{163C068B-2E53-4061-9942-B0CC3B68C884}.Release|Any CPU.ActiveCfg = Release|Any CPU
		{163C068B-2E53-4061-9942-B0CC3B68C884}.Release|Any CPU.Build.0 = Release|Any CPU
		{7AEE3198-3846-4DF0-9C37-7B7C70C013EB}.Debug|Any CPU.ActiveCfg = Debug|Any CPU
		{7AEE3198-3846-4DF0-9C37-7B7C70C013EB}.Debug|Any CPU.Build.0 = Debug|Any CPU
		{7AEE3198-3846-4DF0-9C37-7B7C70C013EB}.Release|Any CPU.ActiveCfg = Release|Any CPU
		{7AEE3198-3846-4DF0-9C37-7B7C70C013EB}.Release|Any CPU.Build.0 = Release|Any CPU
		{D077F2EA-5923-431D-9990-6DEE16966979}.Debug|Any CPU.ActiveCfg = Debug|Any CPU
		{D077F2EA-5923-431D-9990-6DEE16966979}.Debug|Any CPU.Build.0 = Debug|Any CPU
		{D077F2EA-5923-431D-9990-6DEE16966979}.Release|Any CPU.ActiveCfg = Release|Any CPU
		{D077F2EA-5923-431D-9990-6DEE16966979}.Release|Any CPU.Build.0 = Release|Any CPU
		{188017B5-9CE6-42EC-B599-C8CE4A4CD022}.Debug|Any CPU.ActiveCfg = Debug|Any CPU
		{188017B5-9CE6-42EC-B599-C8CE4A4CD022}.Debug|Any CPU.Build.0 = Debug|Any CPU
		{188017B5-9CE6-42EC-B599-C8CE4A4CD022}.Release|Any CPU.ActiveCfg = Release|Any CPU
		{188017B5-9CE6-42EC-B599-C8CE4A4CD022}.Release|Any CPU.Build.0 = Release|Any CPU
		{E0871B16-8CCC-4531-B208-C79DC96DD1A2}.Debug|Any CPU.ActiveCfg = Debug|Any CPU
		{E0871B16-8CCC-4531-B208-C79DC96DD1A2}.Debug|Any CPU.Build.0 = Debug|Any CPU
		{E0871B16-8CCC-4531-B208-C79DC96DD1A2}.Release|Any CPU.ActiveCfg = Release|Any CPU
		{E0871B16-8CCC-4531-B208-C79DC96DD1A2}.Release|Any CPU.Build.0 = Release|Any CPU
		{1260D9FD-1B88-4A40-A9FF-6BD80D43F045}.Debug|Any CPU.ActiveCfg = Debug|Any CPU
		{1260D9FD-1B88-4A40-A9FF-6BD80D43F045}.Debug|Any CPU.Build.0 = Debug|Any CPU
		{1260D9FD-1B88-4A40-A9FF-6BD80D43F045}.Release|Any CPU.ActiveCfg = Release|Any CPU
		{1260D9FD-1B88-4A40-A9FF-6BD80D43F045}.Release|Any CPU.Build.0 = Release|Any CPU
		{68854DEF-7602-4B28-8DFA-9B8833CF720C}.Debug|Any CPU.ActiveCfg = Debug|Any CPU
		{68854DEF-7602-4B28-8DFA-9B8833CF720C}.Debug|Any CPU.Build.0 = Debug|Any CPU
		{68854DEF-7602-4B28-8DFA-9B8833CF720C}.Release|Any CPU.ActiveCfg = Release|Any CPU
		{68854DEF-7602-4B28-8DFA-9B8833CF720C}.Release|Any CPU.Build.0 = Release|Any CPU
		{0B1347B9-ABA3-4C25-BB13-C5EE5FAC54C7}.Debug|Any CPU.ActiveCfg = Debug|Any CPU
		{0B1347B9-ABA3-4C25-BB13-C5EE5FAC54C7}.Debug|Any CPU.Build.0 = Debug|Any CPU
		{0B1347B9-ABA3-4C25-BB13-C5EE5FAC54C7}.Release|Any CPU.ActiveCfg = Release|Any CPU
		{0B1347B9-ABA3-4C25-BB13-C5EE5FAC54C7}.Release|Any CPU.Build.0 = Release|Any CPU
	EndGlobalSection
	GlobalSection(SolutionProperties) = preSolution
		HideSolutionNode = FALSE
	EndGlobalSection
	GlobalSection(ExtensibilityGlobals) = postSolution
		SolutionGuid = {2183A1EA-1086-46E7-A951-9DE8AC34CA33}
	EndGlobalSection
EndGlobal
