
Microsoft Visual Studio Solution File, Format Version 12.00
# Visual Studio Version 17
VisualStudioVersion = 17.11.35327.3
MinimumVisualStudioVersion = 10.0.40219.1
Project("{9A19103F-16F7-4668-BE54-9A1E7A4F7556}") = "SemanticSummary", "SemanticSummary\SemanticSummary.csproj", "{D3DA084B-F6E6-4758-AD84-374B4371AB2E}"
EndProject
Project("{9A19103F-16F7-4668-BE54-9A1E7A4F7556}") = "SummaryPluginPoc", "SummaryPluginPoc\SummaryPluginPoc.csproj", "{163C068B-2E53-4061-9942-B0CC3B68C884}"
EndProject
Project("{FAE04EC0-301F-11D3-BF4B-00C04F79EFBC}") = "SemanticWebAppPoc", "SemanticWebAppPoc\SemanticWebAppPoc.csproj", "{7AEE3198-3846-4DF0-9C37-7B7C70C013EB}"
EndProject
Project("{9A19103F-16F7-4668-BE54-9A1E7A4F7556}") = "BlazorAppWebAssembly", "..\BlazorApp1\BlazorAppWebAssembly\BlazorAppWebAssembly.csproj", "{8254388E-6FB3-4E3A-B4E7-A8CC10290B8C}"
EndProject
Global
	GlobalSection(SolutionConfigurationPlatforms) = preSolution
		Debug|Any CPU = Debug|Any CPU
		Release|Any CPU = Release|Any CPU
	EndGlobalSection
	GlobalSection(ProjectConfigurationPlatforms) = postSolution
		{D3DA084B-F6E6-4758-AD84-374B4371AB2E}.Debug|Any CPU.ActiveCfg = Debug|Any CPU
		{D3DA084B-F6E6-4758-AD84-374B4371AB2E}.Debug|Any CPU.Build.0 = Debug|Any CPU
		{D3DA084B-F6E6-4758-AD84-374B4371AB2E}.Release|Any CPU.ActiveCfg = Release|Any CPU
		{D3DA084B-F6E6-4758-AD84-374B4371AB2E}.Release|Any CPU.Build.0 = Release|Any CPU
		{163C068B-2E53-4061-9942-B0CC3B68C884}.Debug|Any CPU.ActiveCfg = Debug|Any CPU
		{163C068B-2E53-4061-9942-B0CC3B68C884}.Debug|Any CPU.Build.0 = Debug|Any CPU
		{163C068B-2E53-4061-9942-B0CC3B68C884}.Release|Any CPU.ActiveCfg = Release|Any CPU
		{163C068B-2E53-4061-9942-B0CC3B68C884}.Release|Any CPU.Build.0 = Release|Any CPU
		{7AEE3198-3846-4DF0-9C37-7B7C70C013EB}.Debug|Any CPU.ActiveCfg = Debug|Any CPU
		{7AEE3198-3846-4DF0-9C37-7B7C70C013EB}.Debug|Any CPU.Build.0 = Debug|Any CPU
		{7AEE3198-3846-4DF0-9C37-7B7C70C013EB}.Release|Any CPU.ActiveCfg = Release|Any CPU
		{7AEE3198-3846-4DF0-9C37-7B7C70C013EB}.Release|Any CPU.Build.0 = Release|Any CPU
		{8254388E-6FB3-4E3A-B4E7-A8CC10290B8C}.Debug|Any CPU.ActiveCfg = Debug|Any CPU
		{8254388E-6FB3-4E3A-B4E7-A8CC10290B8C}.Debug|Any CPU.Build.0 = Debug|Any CPU
		{8254388E-6FB3-4E3A-B4E7-A8CC10290B8C}.Release|Any CPU.ActiveCfg = Release|Any CPU
		{8254388E-6FB3-4E3A-B4E7-A8CC10290B8C}.Release|Any CPU.Build.0 = Release|Any CPU
	EndGlobalSection
	GlobalSection(SolutionProperties) = preSolution
		HideSolutionNode = FALSE
	EndGlobalSection
	GlobalSection(ExtensibilityGlobals) = postSolution
		SolutionGuid = {2183A1EA-1086-46E7-A951-9DE8AC34CA33}
	EndGlobalSection
EndGlobal
